// !$*UTF8*$!
{
	archiveVersion = 1;
	classes = {
	};
	objectVersion = 46;
	objects = {

/* Begin PBXBuildFile section */
		551C662D1D01ECFB00E83144 /* AppDelegate.swift in Sources */ = {isa = PBXBuildFile; fileRef = 551C662C1D01ECFB00E83144 /* AppDelegate.swift */; };
		551C662F1D01ECFB00E83144 /* ViewController.swift in Sources */ = {isa = PBXBuildFile; fileRef = 551C662E1D01ECFB00E83144 /* ViewController.swift */; };
		551C66321D01ECFB00E83144 /* Main.storyboard in Resources */ = {isa = PBXBuildFile; fileRef = 551C66301D01ECFB00E83144 /* Main.storyboard */; };
		551C66341D01ECFB00E83144 /* Assets.xcassets in Resources */ = {isa = PBXBuildFile; fileRef = 551C66331D01ECFB00E83144 /* Assets.xcassets */; };
		551C66371D01ECFB00E83144 /* LaunchScreen.storyboard in Resources */ = {isa = PBXBuildFile; fileRef = 551C66351D01ECFB00E83144 /* LaunchScreen.storyboard */; };
/* End PBXBuildFile section */

/* Begin PBXFileReference section */
		551C66291D01ECFB00E83144 /* Hola Mundo.app */ = {isa = PBXFileReference; explicitFileType = wrapper.application; includeInIndex = 0; path = "Hola Mundo.app"; sourceTree = BUILT_PRODUCTS_DIR; };
		551C662C1D01ECFB00E83144 /* AppDelegate.swift */ = {isa = PBXFileReference; lastKnownFileType = sourcecode.swift; path = AppDelegate.swift; sourceTree = "<group>"; };
		551C662E1D01ECFB00E83144 /* ViewController.swift */ = {isa = PBXFileReference; lastKnownFileType = sourcecode.swift; path = ViewController.swift; sourceTree = "<group>"; };
		551C66311D01ECFB00E83144 /* Base */ = {isa = PBXFileReference; lastKnownFileType = file.storyboard; name = Base; path = Base.lproj/Main.storyboard; sourceTree = "<group>"; };
		551C66331D01ECFB00E83144 /* Assets.xcassets */ = {isa = PBXFileReference; lastKnownFileType = folder.assetcatalog; path = Assets.xcassets; sourceTree = "<group>"; };
		551C66361D01ECFB00E83144 /* Base */ = {isa = PBXFileReference; lastKnownFileType = file.storyboard; name = Base; path = Base.lproj/LaunchScreen.storyboard; sourceTree = "<group>"; };
		551C66381D01ECFB00E83144 /* Info.plist */ = {isa = PBXFileReference; lastKnownFileType = text.plist.xml; path = Info.plist; sourceTree = "<group>"; };
/* End PBXFileReference section */

/* Begin PBXFrameworksBuildPhase section */
		551C66261D01ECFA00E83144 /* Frameworks */ = {
			isa = PBXFrameworksBuildPhase;
			buildActionMask = 2147483647;
			files = (
			);
			runOnlyForDeploymentPostprocessing = 0;
		};
/* End PBXFrameworksBuildPhase section */

/* Begin PBXGroup section */
		551C66201D01ECFA00E83144 = {
			isa = PBXGroup;
			children = (
				551C662B1D01ECFB00E83144 /* Hola Mundo */,
				551C662A1D01ECFB00E83144 /* Products */,
			);
			sourceTree = "<group>";
		};
		551C662A1D01ECFB00E83144 /* Products */ = {
			isa = PBXGroup;
			children = (
				551C66291D01ECFB00E83144 /* Hola Mundo.app */,
			);
			name = Products;
			sourceTree = "<group>";
		};
		551C662B1D01ECFB00E83144 /* Hola Mundo */ = {
			isa = PBXGroup;
			children = (
				551C662C1D01ECFB00E83144 /* AppDelegate.swift */,
				551C662E1D01ECFB00E83144 /* ViewController.swift */,
				551C66301D01ECFB00E83144 /* Main.storyboard */,
				551C66331D01ECFB00E83144 /* Assets.xcassets */,
				551C66351D01ECFB00E83144 /* LaunchScreen.storyboard */,
				551C66381D01ECFB00E83144 /* Info.plist */,
			);
			path = "Hola Mundo";
			sourceTree = "<group>";
		};
/* End PBXGroup section */

/* Begin PBXNativeTarget section */
		551C66281D01ECFA00E83144 /* Hola Mundo */ = {
			isa = PBXNativeTarget;
			buildConfigurationList = 551C663B1D01ECFB00E83144 /* Build configuration list for PBXNativeTarget "Hola Mundo" */;
			buildPhases = (
				551C66251D01ECFA00E83144 /* Sources */,
				551C66261D01ECFA00E83144 /* Frameworks */,
				551C66271D01ECFA00E83144 /* Resources */,
			);
			buildRules = (
			);
			dependencies = (
			);
			name = "Hola Mundo";
			productName = "Hola Mundo";
			productReference = 551C66291D01ECFB00E83144 /* Hola Mundo.app */;
			productType = "com.apple.product-type.application";
		};
/* End PBXNativeTarget section */

/* Begin PBXProject section */
		551C66211D01ECFA00E83144 /* Project object */ = {
			isa = PBXProject;
			attributes = {
				LastSwiftUpdateCheck = 0730;
				LastUpgradeCheck = 0730;
				ORGANIZATIONNAME = "Oscar Gomez";
				TargetAttributes = {
					551C66281D01ECFA00E83144 = {
						CreatedOnToolsVersion = 7.3.1;
						DevelopmentTeam = C65U32X797;
					};
				};
			};
			buildConfigurationList = 551C66241D01ECFA00E83144 /* Build configuration list for PBXProject "Hola Mundo" */;
			compatibilityVersion = "Xcode 3.2";
			developmentRegion = English;
			hasScannedForEncodings = 0;
			knownRegions = (
				en,
				Base,
			);
			mainGroup = 551C66201D01ECFA00E83144;
			productRefGroup = 551C662A1D01ECFB00E83144 /* Products */;
			projectDirPath = "";
			projectRoot = "";
			targets = (
				551C66281D01ECFA00E83144 /* Hola Mundo */,
			);
		};
/* End PBXProject section */

/* Begin PBXResourcesBuildPhase section */
		551C66271D01ECFA00E83144 /* Resources */ = {
			isa = PBXResourcesBuildPhase;
			buildActionMask = 2147483647;
			files = (
				551C66371D01ECFB00E83144 /* LaunchScreen.storyboard in Resources */,
				551C66341D01ECFB00E83144 /* Assets.xcassets in Resources */,
				551C66321D01ECFB00E83144 /* Main.storyboard in Resources */,
			);
			runOnlyForDeploymentPostprocessing = 0;
		};
/* End PBXResourcesBuildPhase section */

/* Begin PBXSourcesBuildPhase section */
		551C66251D01ECFA00E83144 /* Sources */ = {
			isa = PBXSourcesBuildPhase;
			buildActionMask = 2147483647;
			files = (
				551C662F1D01ECFB00E83144 /* ViewController.swift in Sources */,
				551C662D1D01ECFB00E83144 /* AppDelegate.swift in Sources */,
			);
			runOnlyForDeploymentPostprocessing = 0;
		};
/* End PBXSourcesBuildPhase section */

/* Begin PBXVariantGroup section */
		551C66301D01ECFB00E83144 /* Main.storyboard */ = {
			isa = PBXVariantGroup;
			children = (
				551C66311D01ECFB00E83144 /* Base */,
			);
			name = Main.storyboard;
			sourceTree = "<group>";
		};
		551C66351D01ECFB00E83144 /* LaunchScreen.storyboard */ = {
			isa = PBXVariantGroup;
			children = (
				551C66361D01ECFB00E83144 /* Base */,
			);
			name = LaunchScreen.storyboard;
			sourceTree = "<group>";
		};
/* End PBXVariantGroup section */

/* Begin XCBuildConfiguration section */
		551C66391D01ECFB00E83144 /* Debug */ = {
			isa = XCBuildConfiguration;
			buildSettings = {
				ALWAYS_SEARCH_USER_PATHS = NO;
				CLANG_ANALYZER_NONNULL = YES;
				CLANG_CXX_LANGUAGE_STANDARD = "gnu++0x";
				CLANG_CXX_LIBRARY = "libc++";
				CLANG_ENABLE_MODULES = YES;
				CLANG_ENABLE_OBJC_ARC = YES;
				CLANG_WARN_BOOL_CONVERSION = YES;
				CLANG_WARN_CONSTANT_CONVERSION = YES;
				CLANG_WARN_DIRECT_OBJC_ISA_USAGE = YES_ERROR;
				CLANG_WARN_EMPTY_BODY = YES;
				CLANG_WARN_ENUM_CONVERSION = YES;
				CLANG_WARN_INT_CONVERSION = YES;
				CLANG_WARN_OBJC_ROOT_CLASS = YES_ERROR;
				CLANG_WARN_UNREACHABLE_CODE = YES;
				CLANG_WARN__DUPLICATE_METHOD_MATCH = YES;
				"CODE_SIGN_IDENTITY[sdk=iphoneos*]" = "iPhone Developer";
				COPY_PHASE_STRIP = NO;
				DEBUG_INFORMATION_FORMAT = dwarf;
				ENABLE_STRICT_OBJC_MSGSEND = YES;
				ENABLE_TESTABILITY = YES;
				GCC_C_LANGUAGE_STANDARD = gnu99;
				GCC_DYNAMIC_NO_PIC = NO;
				GCC_NO_COMMON_BLOCKS = YES;
				GCC_OPTIMIZATION_LEVEL = 0;
				GCC_PREPROCESSOR_DEFINITIONS = (
					"DEBUG=1",
					"$(inherited)",
				);
				GCC_WARN_64_TO_32_BIT_CONVERSION = YES;
				GCC_WARN_ABOUT_RETURN_TYPE = YES_ERROR;
				GCC_WARN_UNDECLARED_SELECTOR = YES;
				GCC_WARN_UNINITIALIZED_AUTOS = YES_AGGRESSIVE;
				GCC_WARN_UNUSED_FUNCTION = YES;
				GCC_WARN_UNUSED_VARIABLE = YES;
				IPHONEOS_DEPLOYMENT_TARGET = 9.3;
				MTL_ENABLE_DEBUG_INFO = YES;
				ONLY_ACTIVE_ARCH = YES;
				SDKROOT = iphoneos;
				SWIFT_OPTIMIZATION_LEVEL = "-Onone";
			};
			name = Debug;
		};
		551C663A1D01ECFB00E83144 /* Release */ = {
			isa = XCBuildConfiguration;
			buildSettings = {
				ALWAYS_SEARCH_USER_PATHS = NO;
				CLANG_ANALYZER_NONNULL = YES;
				CLANG_CXX_LANGUAGE_STANDARD = "gnu++0x";
				CLANG_CXX_LIBRARY = "libc++";
				CLANG_ENABLE_MODULES = YES;
				CLANG_ENABLE_OBJC_ARC = YES;
				CLANG_WARN_BOOL_CONVERSION = YES;
				CLANG_WARN_CONSTANT_CONVERSION = YES;
				CLANG_WARN_DIRECT_OBJC_ISA_USAGE = YES_ERROR;
				CLANG_WARN_EMPTY_BODY = YES;
				CLANG_WARN_ENUM_CONVERSION = YES;
				CLANG_WARN_INT_CONVERSION = YES;
				CLANG_WARN_OBJC_ROOT_CLASS = YES_ERROR;
				CLANG_WARN_UNREACHABLE_CODE = YES;
				CLANG_WARN__DUPLICATE_METHOD_MATCH = YES;
				"CODE_SIGN_IDENTITY[sdk=iphoneos*]" = "iPhone Developer";
				COPY_PHASE_STRIP = NO;
				DEBUG_INFORMATION_FORMAT = "dwarf-with-dsym";
				ENABLE_NS_ASSERTIONS = NO;
				ENABLE_STRICT_OBJC_MSGSEND = YES;
				GCC_C_LANGUAGE_STANDARD = gnu99;
				GCC_NO_COMMON_BLOCKS = YES;
				GCC_WARN_64_TO_32_BIT_CONVERSION = YES;
				GCC_WARN_ABOUT_RETURN_TYPE = YES_ERROR;
				GCC_WARN_UNDECLARED_SELECTOR = YES;
				GCC_WARN_UNINITIALIZED_AUTOS = YES_AGGRESSIVE;
				GCC_WARN_UNUSED_FUNCTION = YES;
				GCC_WARN_UNUSED_VARIABLE = YES;
				IPHONEOS_DEPLOYMENT_TARGET = 9.3;
				MTL_ENABLE_DEBUG_INFO = NO;
				SDKROOT = iphoneos;
				VALIDATE_PRODUCT = YES;
			};
			name = Release;
		};
		551C663C1D01ECFB00E83144 /* Debug */ = {
			isa = XCBuildConfiguration;
			buildSettings = {
				ASSETCATALOG_COMPILER_APPICON_NAME = AppIcon;
				CODE_SIGN_IDENTITY = "iPhone Developer";
				"CODE_SIGN_IDENTITY[sdk=iphoneos*]" = "iPhone Developer";
				INFOPLIST_FILE = "Hola Mundo/Info.plist";
				IPHONEOS_DEPLOYMENT_TARGET = 8.4;
				LD_RUNPATH_SEARCH_PATHS = "$(inherited) @executable_path/Frameworks";
				PRODUCT_BUNDLE_IDENTIFIER = "gomez.oscar.Hola-Mundo";
				PRODUCT_NAME = "$(TARGET_NAME)";
				PROVISIONING_PROFILE = "";
			};
			name = Debug;
		};
		551C663D1D01ECFB00E83144 /* Release */ = {
			isa = XCBuildConfiguration;
			buildSettings = {
				ASSETCATALOG_COMPILER_APPICON_NAME = AppIcon;
				CODE_SIGN_IDENTITY = "iPhone Developer";
				"CODE_SIGN_IDENTITY[sdk=iphoneos*]" = "iPhone Developer";
				INFOPLIST_FILE = "Hola Mundo/Info.plist";
				IPHONEOS_DEPLOYMENT_TARGET = 8.4;
				LD_RUNPATH_SEARCH_PATHS = "$(inherited) @executable_path/Frameworks";
				PRODUCT_BUNDLE_IDENTIFIER = "gomez.oscar.Hola-Mundo";
				PRODUCT_NAME = "$(TARGET_NAME)";
				PROVISIONING_PROFILE = "";
			};
			name = Release;
		};
/* End XCBuildConfiguration section */

/* Begin XCConfigurationList section */
		551C66241D01ECFA00E83144 /* Build configuration list for PBXProject "Hola Mundo" */ = {
			isa = XCConfigurationList;
			buildConfigurations = (
				551C66391D01ECFB00E83144 /* Debug */,
				551C663A1D01ECFB00E83144 /* Release */,
			);
			defaultConfigurationIsVisible = 0;
			defaultConfigurationName = Release;
		};
		551C663B1D01ECFB00E83144 /* Build configuration list for PBXNativeTarget "Hola Mundo" */ = {
			isa = XCConfigurationList;
			buildConfigurations = (
				551C663C1D01ECFB00E83144 /* Debug */,
				551C663D1D01ECFB00E83144 /* Release */,
			);
			defaultConfigurationIsVisible = 0;
			defaultConfigurationName = Release;
		};
/* End XCConfigurationList section */
	};
	rootObject = 551C66211D01ECFA00E83144 /* Project object */;
}
